name: Lock XUAN-IB publication policy

on:
  pull_request_target:
    branches:
      - main
    types:
      - opened
      - synchronize
      - reopened
      - ready_for_review

permissions:
  contents: read
  issues: read
  pull-requests: read

jobs:
  policy-lock:
    name: xuan-ib-policy-lock
    runs-on: ubuntu-latest
    steps:
      - name: Refuse pull requests that alter the trusted publication boundary
        shell: bash
        env:
          GH_TOKEN: ${{ github.token }}
          PR_NUMBER: ${{ github.event.pull_request.number }}
          EXPECTED_FILE_COUNT: ${{ github.event.pull_request.changed_files }}
        run: |
          set -euo pipefail
          files_json="$RUNNER_TEMP/pr-files.json"
          gh api --paginate --slurp \
            "repos/$GITHUB_REPOSITORY/pulls/$PR_NUMBER/files?per_page=100" \
            > "$files_json"
          returned_file_count=$(jq '[.[][]] | length' "$files_json")
          if [[ "$returned_file_count" != "$EXPECTED_FILE_COUNT" ]] ||
             (( returned_file_count > 1000 )); then
            echo 'The pull-request file list is incomplete or exceeds the approved review size.' >&2
            exit 1
          fi
          protected_re='^(CLAUDE\.md|\.claude/rules/xuan-ib-handover\.md|claude/(nightly-handover-spec-ADDENDUM-v916|xuan-ib-runtime-contract-v1|xuan-ib-cash-first-plan-v1|xuan-ib-classification-authority-review-2026-08-31)\.md|claude/xuan-ib-cash-identities-v1\.json$|\.github/(CODEOWNERS$|workflows/|actions/)|scripts/(handover-guard|xuan-ib-promotion|xuan-ib-loader|xuan-ib-decision-menu|build-xuan-decision-shortcut|xuan-ib-progress|xuan-ib-classification-audit|xuan-ib-classification-disclosure|xuan-ib-classification-correction|xuan-ib-cash-plan|xuan-ib-cash-plan-correction|xuan-ib-cash-identity)\.(mjs|test\.mjs)$|xuan-ib/)'
          if jq -r '.[][] | .filename, (.previous_filename // empty)' "$files_json" |
             grep -Eq "$protected_re"; then
            head_sha='${{ github.event.pull_request.head.sha }}'
            approval_line="/approve-xuan-ib-maintenance $head_sha"
            comments_json="$RUNNER_TEMP/pr-comments.json"
            gh api --paginate --slurp \
              "repos/$GITHUB_REPOSITORY/issues/$PR_NUMBER/comments?per_page=100" \
              > "$comments_json"
            approval_count=$(jq --arg approval_line "$approval_line" '
              [
                .[][]
                | select(.author_association == "OWNER")
                | select(
                    (.body
                      | split("\n")
                      | map(gsub("^[[:space:]]+|[[:space:]]+$"; ""))
                      | index($approval_line)
                    ) != null
                  )
              ]
              | length
            ' "$comments_json")
            if (( approval_count > 0 )); then
              echo "Repository-owner maintenance approval matches the exact head SHA: $head_sha"
              exit 0
            fi
            echo 'This PR changes the locked XUAN-IB publication boundary.' >&2
            echo 'For an intentional maintenance PR, keep it in draft, add this exact OWNER comment, then mark it ready:' >&2
            echo "$approval_line" >&2
            echo 'The approval is invalidated automatically by every new commit.' >&2
            exit 1
          fi
          echo 'The PR does not alter the XUAN-IB publication boundary.'
